// !$*UTF8*$!
{
	archiveVersion = 1;
	classes = {
	};
	objectVersion = 46;
	objects = {

/* Begin PBXBuildFile section */
		504DAB211DCD1CF3000E8ABF /* main.swift in Sources */ = {isa = PBXBuildFile; fileRef = 504DAB201DCD1CF3000E8ABF /* main.swift */; };
/* End PBXBuildFile section */

/* Begin PBXCopyFilesBuildPhase section */
		504DAB1B1DCD1CF3000E8ABF /* CopyFiles */ = {
			isa = PBXCopyFilesBuildPhase;
			buildActionMask = 2147483647;
			dstPath = /usr/share/man/man1/;
			dstSubfolderSpec = 0;
			files = (
			);
			runOnlyForDeploymentPostprocessing = 1;
		};
/* End PBXCopyFilesBuildPhase section */

/* Begin PBXFileReference section */
		504DAB1D1DCD1CF3000E8ABF /* FibonacciAlgorytmy */ = {isa = PBXFileReference; explicitFileType = "compiled.mach-o.executable"; includeInIndex = 0; path = FibonacciAlgorytmy; sourceTree = BUILT_PRODUCTS_DIR; };
		504DAB201DCD1CF3000E8ABF /* main.swift */ = {isa = PBXFileReference; lastKnownFileType = sourcecode.swift; path = main.swift; sourceTree = "<group>"; };
/* End PBXFileReference section */

/* Begin PBXFrameworksBuildPhase section */
		504DAB1A1DCD1CF3000E8ABF /* Frameworks */ = {
			isa = PBXFrameworksBuildPhase;
			buildActionMask = 2147483647;
			files = (
			);
			runOnlyForDeploymentPostprocessing = 0;
		};
/* End PBXFrameworksBuildPhase section */

/* Begin PBXGroup section */
		504DAB141DCD1CF3000E8ABF = {
			isa = PBXGroup;
			children = (
				504DAB1F1DCD1CF3000E8ABF /* FibonacciAlgorytmy */,
				504DAB1E1DCD1CF3000E8ABF /* Products */,
			);
			sourceTree = "<group>";
		};
		504DAB1E1DCD1CF3000E8ABF /* Products */ = {
			isa = PBXGroup;
			children = (
				504DAB1D1DCD1CF3000E8ABF /* FibonacciAlgorytmy */,
			);
			name = Products;
			sourceTree = "<group>";
		};
		504DAB1F1DCD1CF3000E8ABF /* FibonacciAlgorytmy */ = {
			isa = PBXGroup;
			children = (
				504DAB201DCD1CF3000E8ABF /* main.swift */,
			);
			path = FibonacciAlgorytmy;
			sourceTree = "<group>";
		};
/* End PBXGroup section */

/* Begin PBXNativeTarget section */
		504DAB1C1DCD1CF3000E8ABF /* FibonacciAlgorytmy */ = {
			isa = PBXNativeTarget;
			buildConfigurationList = 504DAB241DCD1CF3000E8ABF /* Build configuration list for PBXNativeTarget "FibonacciAlgorytmy" */;
			buildPhases = (
				504DAB191DCD1CF3000E8ABF /* Sources */,
				504DAB1A1DCD1CF3000E8ABF /* Frameworks */,
				504DAB1B1DCD1CF3000E8ABF /* CopyFiles */,
			);
			buildRules = (
			);
			dependencies = (
			);
			name = FibonacciAlgorytmy;
			productName = FibonacciAlgorytmy;
			productReference = 504DAB1D1DCD1CF3000E8ABF /* FibonacciAlgorytmy */;
			productType = "com.apple.product-type.tool";
		};
/* End PBXNativeTarget section */

/* Begin PBXProject section */
		504DAB151DCD1CF3000E8ABF /* Project object */ = {
			isa = PBXProject;
			attributes = {
				LastSwiftUpdateCheck = 0810;
				LastUpgradeCheck = 0810;
				ORGANIZATIONNAME = "Michał Czerniakowski";
				TargetAttributes = {
					504DAB1C1DCD1CF3000E8ABF = {
						CreatedOnToolsVersion = 8.1;
						DevelopmentTeam = 288A23SQNG;
						ProvisioningStyle = Automatic;
					};
				};
			};
			buildConfigurationList = 504DAB181DCD1CF3000E8ABF /* Build configuration list for PBXProject "FibonacciAlgorytmy" */;
			compatibilityVersion = "Xcode 3.2";
			developmentRegion = English;
			hasScannedForEncodings = 0;
			knownRegions = (
				en,
			);
			mainGroup = 504DAB141DCD1CF3000E8ABF;
			productRefGroup = 504DAB1E1DCD1CF3000E8ABF /* Products */;
			projectDirPath = "";
			projectRoot = "";
			targets = (
				504DAB1C1DCD1CF3000E8ABF /* FibonacciAlgorytmy */,
			);
		};
/* End PBXProject section */

/* Begin PBXSourcesBuildPhase section */
		504DAB191DCD1CF3000E8ABF /* Sources */ = {
			isa = PBXSourcesBuildPhase;
			buildActionMask = 2147483647;
			files = (
				504DAB211DCD1CF3000E8ABF /* main.swift in Sources */,
			);
			runOnlyForDeploymentPostprocessing = 0;
		};
/* End PBXSourcesBuildPhase section */

/* Begin XCBuildConfiguration section */
		504DAB221DCD1CF3000E8ABF /* Debug */ = {
			isa = XCBuildConfiguration;
			buildSettings = {
				ALWAYS_SEARCH_USER_PATHS = NO;
				CLANG_ANALYZER_NONNULL = YES;
				CLANG_CXX_LANGUAGE_STANDARD = "gnu++0x";
				CLANG_CXX_LIBRARY = "libc++";
				CLANG_ENABLE_MODULES = YES;
				CLANG_ENABLE_OBJC_ARC = YES;
				CLANG_WARN_BOOL_CONVERSION = YES;
				CLANG_WARN_CONSTANT_CONVERSION = YES;
				CLANG_WARN_DIRECT_OBJC_ISA_USAGE = YES_ERROR;
				CLANG_WARN_DOCUMENTATION_COMMENTS = YES;
				CLANG_WARN_EMPTY_BODY = YES;
				CLANG_WARN_ENUM_CONVERSION = YES;
				CLANG_WARN_INFINITE_RECURSION = YES;
				CLANG_WARN_INT_CONVERSION = YES;
				CLANG_WARN_OBJC_ROOT_CLASS = YES_ERROR;
				CLANG_WARN_SUSPICIOUS_MOVES = YES;
				CLANG_WARN_UNREACHABLE_CODE = YES;
				CLANG_WARN__DUPLICATE_METHOD_MATCH = YES;
				CODE_SIGN_IDENTITY = "-";
				COPY_PHASE_STRIP = NO;
				DEBUG_INFORMATION_FORMAT = dwarf;
				ENABLE_STRICT_OBJC_MSGSEND = YES;
				ENABLE_TESTABILITY = YES;
				GCC_C_LANGUAGE_STANDARD = gnu99;
				GCC_DYNAMIC_NO_PIC = NO;
				GCC_NO_COMMON_BLOCKS = YES;
				GCC_OPTIMIZATION_LEVEL = 0;
				GCC_PREPROCESSOR_DEFINITIONS = (
					"DEBUG=1",
					"$(inherited)",
				);
				GCC_WARN_64_TO_32_BIT_CONVERSION = YES;
				GCC_WARN_ABOUT_RETURN_TYPE = YES_ERROR;
				GCC_WARN_UNDECLARED_SELECTOR = YES;
				GCC_WARN_UNINITIALIZED_AUTOS = YES_AGGRESSIVE;
				GCC_WARN_UNUSED_FUNCTION = YES;
				GCC_WARN_UNUSED_VARIABLE = YES;
				MACOSX_DEPLOYMENT_TARGET = 10.11;
				MTL_ENABLE_DEBUG_INFO = YES;
				ONLY_ACTIVE_ARCH = YES;
				SDKROOT = macosx;
				SWIFT_OPTIMIZATION_LEVEL = "-Onone";
			};
			name = Debug;
		};
		504DAB231DCD1CF3000E8ABF /* Release */ = {
			isa = XCBuildConfiguration;
			buildSettings = {
				ALWAYS_SEARCH_USER_PATHS = NO;
				CLANG_ANALYZER_NONNULL = YES;
				CLANG_CXX_LANGUAGE_STANDARD = "gnu++0x";
				CLANG_CXX_LIBRARY = "libc++";
				CLANG_ENABLE_MODULES = YES;
				CLANG_ENABLE_OBJC_ARC = YES;
				CLANG_WARN_BOOL_CONVERSION = YES;
				CLANG_WARN_CONSTANT_CONVERSION = YES;
				CLANG_WARN_DIRECT_OBJC_ISA_USAGE = YES_ERROR;
				CLANG_WARN_DOCUMENTATION_COMMENTS = YES;
				CLANG_WARN_EMPTY_BODY = YES;
				CLANG_WARN_ENUM_CONVERSION = YES;
				CLANG_WARN_INFINITE_RECURSION = YES;
				CLANG_WARN_INT_CONVERSION = YES;
				CLANG_WARN_OBJC_ROOT_CLASS = YES_ERROR;
				CLANG_WARN_SUSPICIOUS_MOVES = YES;
				CLANG_WARN_UNREACHABLE_CODE = YES;
				CLANG_WARN__DUPLICATE_METHOD_MATCH = YES;
				CODE_SIGN_IDENTITY = "-";
				COPY_PHASE_STRIP = NO;
				DEBUG_INFORMATION_FORMAT = "dwarf-with-dsym";
				ENABLE_NS_ASSERTIONS = NO;
				ENABLE_STRICT_OBJC_MSGSEND = YES;
				GCC_C_LANGUAGE_STANDARD = gnu99;
				GCC_NO_COMMON_BLOCKS = YES;
				GCC_WARN_64_TO_32_BIT_CONVERSION = YES;
				GCC_WARN_ABOUT_RETURN_TYPE = YES_ERROR;
				GCC_WARN_UNDECLARED_SELECTOR = YES;
				GCC_WARN_UNINITIALIZED_AUTOS = YES_AGGRESSIVE;
				GCC_WARN_UNUSED_FUNCTION = YES;
				GCC_WARN_UNUSED_VARIABLE = YES;
				MACOSX_DEPLOYMENT_TARGET = 10.11;
				MTL_ENABLE_DEBUG_INFO = NO;
				SDKROOT = macosx;
			};
			name = Release;
		};
		504DAB251DCD1CF3000E8ABF /* Debug */ = {
			isa = XCBuildConfiguration;
			buildSettings = {
				DEVELOPMENT_TEAM = 288A23SQNG;
				PRODUCT_NAME = "$(TARGET_NAME)";
				SWIFT_VERSION = 3.0;
			};
			name = Debug;
		};
		504DAB261DCD1CF3000E8ABF /* Release */ = {
			isa = XCBuildConfiguration;
			buildSettings = {
				DEVELOPMENT_TEAM = 288A23SQNG;
				PRODUCT_NAME = "$(TARGET_NAME)";
				SWIFT_VERSION = 3.0;
			};
			name = Release;
		};
/* End XCBuildConfiguration section */

/* Begin XCConfigurationList section */
		504DAB181DCD1CF3000E8ABF /* Build configuration list for PBXProject "FibonacciAlgorytmy" */ = {
			isa = XCConfigurationList;
			buildConfigurations = (
				504DAB221DCD1CF3000E8ABF /* Debug */,
				504DAB231DCD1CF3000E8ABF /* Release */,
			);
			defaultConfigurationIsVisible = 0;
			defaultConfigurationName = Release;
		};
		504DAB241DCD1CF3000E8ABF /* Build configuration list for PBXNativeTarget "FibonacciAlgorytmy" */ = {
			isa = XCConfigurationList;
			buildConfigurations = (
				504DAB251DCD1CF3000E8ABF /* Debug */,
				504DAB261DCD1CF3000E8ABF /* Release */,
			);
			defaultConfigurationIsVisible = 0;
		};
/* End XCConfigurationList section */
	};
	rootObject = 504DAB151DCD1CF3000E8ABF /* Project object */;
}
